
Microsoft Visual Studio Solution File, Format Version 12.00
# Visual Studio Version 16
VisualStudioVersion = 16.0.29924.181
MinimumVisualStudioVersion = 10.0.40219.1
Project("{9A19103F-16F7-4668-BE54-9A1E7A4F7556}") = "CLUBS.Core", "CLUBS.Core\CLUBS.Core.csproj", "{9373DCD9-F1A2-4D5D-B926-CCC15D1875C5}"
EndProject
Project("{FAE04EC0-301F-11D3-BF4B-00C04F79EFBC}") = "CLUBS", "CLUBS\CLUBS.csproj", "{47FC98CE-C9B2-4C99-9D96-D2DB4F67BF21}"
EndProject
Global
	GlobalSection(SolutionConfigurationPlatforms) = preSolution
		Debug|Any CPU = Debug|Any CPU
		Release|Any CPU = Release|Any CPU
	EndGlobalSection
	GlobalSection(ProjectConfigurationPlatforms) = postSolution
		{9373DCD9-F1A2-4D5D-B926-CCC15D1875C5}.Debug|Any CPU.ActiveCfg = Debug|Any CPU
		{9373DCD9-F1A2-4D5D-B926-CCC15D1875C5}.Debug|Any CPU.Build.0 = Debug|Any CPU
		{9373DCD9-F1A2-4D5D-B926-CCC15D1875C5}.Release|Any CPU.ActiveCfg = Release|Any CPU
		{9373DCD9-F1A2-4D5D-B926-CCC15D1875C5}.Release|Any CPU.Build.0 = Release|Any CPU
		{47FC98CE-C9B2-4C99-9D96-D2DB4F67BF21}.Debug|Any CPU.ActiveCfg = Debug|Any CPU
		{47FC98CE-C9B2-4C99-9D96-D2DB4F67BF21}.Debug|Any CPU.Build.0 = Debug|Any CPU
		{47FC98CE-C9B2-4C99-9D96-D2DB4F67BF21}.Release|Any CPU.ActiveCfg = Release|Any CPU
		{47FC98CE-C9B2-4C99-9D96-D2DB4F67BF21}.Release|Any CPU.Build.0 = Release|Any CPU
	EndGlobalSection
	GlobalSection(SolutionProperties) = preSolution
		HideSolutionNode = FALSE
	EndGlobalSection
	GlobalSection(ExtensibilityGlobals) = postSolution
		SolutionGuid = {D0B13F78-E25E-49F5-8A17-68292A33EC0B}
	EndGlobalSection
EndGlobal
